
Microsoft Visual Studio Solution File, Format Version 12.00
# Visual Studio Version 17
VisualStudioVersion = 17.3.32819.101
MinimumVisualStudioVersion = 10.0.40219.1
Project("{FAE04EC0-301F-11D3-BF4B-00C04F79EFBC}") = "ModuloAPI", "ModuloAPI\ModuloAPI.csproj", "{090C9AEF-9874-4197-B93C-F29674F6D1E5}"
EndProject
Global
	GlobalSection(SolutionConfigurationPlatforms) = preSolution
		Debug|Any CPU = Debug|Any CPU
		Release|Any CPU = Release|Any CPU
	EndGlobalSection
	GlobalSection(ProjectConfigurationPlatforms) = postSolution
		{090C9AEF-9874-4197-B93C-F29674F6D1E5}.Debug|Any CPU.ActiveCfg = Debug|Any CPU
		{090C9AEF-9874-4197-B93C-F29674F6D1E5}.Debug|Any CPU.Build.0 = Debug|Any CPU
		{090C9AEF-9874-4197-B93C-F29674F6D1E5}.Release|Any CPU.ActiveCfg = Release|Any CPU
		{090C9AEF-9874-4197-B93C-F29674F6D1E5}.Release|Any CPU.Build.0 = Release|Any CPU
	EndGlobalSection
	GlobalSection(SolutionProperties) = preSolution
		HideSolutionNode = FALSE
	EndGlobalSection
	GlobalSection(ExtensibilityGlobals) = postSolution
		SolutionGuid = {D89F5357-90BC-4F55-B3C1-65EBB6857F7B}
	EndGlobalSection
EndGlobal
